
Microsoft Visual Studio Solution File, Format Version 12.00
# Visual Studio Version 17
VisualStudioVersion = 17.5.33530.505
MinimumVisualStudioVersion = 10.0.40219.1
Project("{FAE04EC0-301F-11D3-BF4B-00C04F79EFBC}") = "GunlukKosuMesafesiOlcer", "GunlukKosuMesafesiOlcer\GunlukKosuMesafesiOlcer.csproj", "{B0F60ECE-CDE1-41C4-A63E-EFA9DE505474}"
EndProject
Project("{FAE04EC0-301F-11D3-BF4B-00C04F79EFBC}") = "1denFazlaTurHesaplayanAdimOlcer", "1denFazlaTurHesaplayanAdimOlcer\1denFazlaTurHesaplayanAdimOlcer.csproj", "{DAF589B2-AB4C-4A1C-B50D-DC788332ADF2}"
EndProject
Global
	GlobalSection(SolutionConfigurationPlatforms) = preSolution
		Debug|Any CPU = Debug|Any CPU
		Release|Any CPU = Release|Any CPU
	EndGlobalSection
	GlobalSection(ProjectConfigurationPlatforms) = postSolution
		{B0F60ECE-CDE1-41C4-A63E-EFA9DE505474}.Debug|Any CPU.ActiveCfg = Debug|Any CPU
		{B0F60ECE-CDE1-41C4-A63E-EFA9DE505474}.Debug|Any CPU.Build.0 = Debug|Any CPU
		{B0F60ECE-CDE1-41C4-A63E-EFA9DE505474}.Release|Any CPU.ActiveCfg = Release|Any CPU
		{B0F60ECE-CDE1-41C4-A63E-EFA9DE505474}.Release|Any CPU.Build.0 = Release|Any CPU
		{DAF589B2-AB4C-4A1C-B50D-DC788332ADF2}.Debug|Any CPU.ActiveCfg = Debug|Any CPU
		{DAF589B2-AB4C-4A1C-B50D-DC788332ADF2}.Debug|Any CPU.Build.0 = Debug|Any CPU
		{DAF589B2-AB4C-4A1C-B50D-DC788332ADF2}.Release|Any CPU.ActiveCfg = Release|Any CPU
		{DAF589B2-AB4C-4A1C-B50D-DC788332ADF2}.Release|Any CPU.Build.0 = Release|Any CPU
	EndGlobalSection
	GlobalSection(SolutionProperties) = preSolution
		HideSolutionNode = FALSE
	EndGlobalSection
	GlobalSection(ExtensibilityGlobals) = postSolution
		SolutionGuid = {F182727C-9241-4AE2-9848-C83C405415DF}
	EndGlobalSection
EndGlobal
